
Microsoft Visual Studio Solution File, Format Version 12.00
# Visual Studio Version 17
VisualStudioVersion = 17.3.32929.385
MinimumVisualStudioVersion = 10.0.40219.1
Project("{FAE04EC0-301F-11D3-BF4B-00C04F79EFBC}") = "Proxy", "Proxy\Proxy.csproj", "{248637F7-105E-4DE3-B4A8-75F857BB94BF}"
EndProject
Global
	GlobalSection(SolutionConfigurationPlatforms) = preSolution
		Debug|Any CPU = Debug|Any CPU
		Release|Any CPU = Release|Any CPU
	EndGlobalSection
	GlobalSection(ProjectConfigurationPlatforms) = postSolution
		{248637F7-105E-4DE3-B4A8-75F857BB94BF}.Debug|Any CPU.ActiveCfg = Debug|Any CPU
		{248637F7-105E-4DE3-B4A8-75F857BB94BF}.Debug|Any CPU.Build.0 = Debug|Any CPU
		{248637F7-105E-4DE3-B4A8-75F857BB94BF}.Release|Any CPU.ActiveCfg = Release|Any CPU
		{248637F7-105E-4DE3-B4A8-75F857BB94BF}.Release|Any CPU.Build.0 = Release|Any CPU
	EndGlobalSection
	GlobalSection(SolutionProperties) = preSolution
		HideSolutionNode = FALSE
	EndGlobalSection
	GlobalSection(ExtensibilityGlobals) = postSolution
		SolutionGuid = {67140BCA-E16F-42AD-871E-12AB16164D3D}
	EndGlobalSection
EndGlobal
