
Microsoft Visual Studio Solution File, Format Version 12.00
# Visual Studio Version 17
VisualStudioVersion = 17.3.32929.385
MinimumVisualStudioVersion = 10.0.40219.1
Project("{FAE04EC0-301F-11D3-BF4B-00C04F79EFBC}") = "Prototype", "Prototype\Prototype.csproj", "{A64E8172-4552-4F32-8351-814FE2D3F91A}"
EndProject
Global
	GlobalSection(SolutionConfigurationPlatforms) = preSolution
		Debug|Any CPU = Debug|Any CPU
		Release|Any CPU = Release|Any CPU
	EndGlobalSection
	GlobalSection(ProjectConfigurationPlatforms) = postSolution
		{A64E8172-4552-4F32-8351-814FE2D3F91A}.Debug|Any CPU.ActiveCfg = Debug|Any CPU
		{A64E8172-4552-4F32-8351-814FE2D3F91A}.Debug|Any CPU.Build.0 = Debug|Any CPU
		{A64E8172-4552-4F32-8351-814FE2D3F91A}.Release|Any CPU.ActiveCfg = Release|Any CPU
		{A64E8172-4552-4F32-8351-814FE2D3F91A}.Release|Any CPU.Build.0 = Release|Any CPU
	EndGlobalSection
	GlobalSection(SolutionProperties) = preSolution
		HideSolutionNode = FALSE
	EndGlobalSection
	GlobalSection(ExtensibilityGlobals) = postSolution
		SolutionGuid = {BDE6280F-28CC-46A2-9A33-0694C1E35D9D}
	EndGlobalSection
EndGlobal
