
Microsoft Visual Studio Solution File, Format Version 12.00
# Visual Studio Version 17
VisualStudioVersion = 17.3.32929.385
MinimumVisualStudioVersion = 10.0.40219.1
Project("{FAE04EC0-301F-11D3-BF4B-00C04F79EFBC}") = "Decorator", "Decorator\Decorator.csproj", "{90D13135-6600-4E53-A150-488BCB33E394}"
EndProject
Global
	GlobalSection(SolutionConfigurationPlatforms) = preSolution
		Debug|Any CPU = Debug|Any CPU
		Release|Any CPU = Release|Any CPU
	EndGlobalSection
	GlobalSection(ProjectConfigurationPlatforms) = postSolution
		{90D13135-6600-4E53-A150-488BCB33E394}.Debug|Any CPU.ActiveCfg = Debug|Any CPU
		{90D13135-6600-4E53-A150-488BCB33E394}.Debug|Any CPU.Build.0 = Debug|Any CPU
		{90D13135-6600-4E53-A150-488BCB33E394}.Release|Any CPU.ActiveCfg = Release|Any CPU
		{90D13135-6600-4E53-A150-488BCB33E394}.Release|Any CPU.Build.0 = Release|Any CPU
	EndGlobalSection
	GlobalSection(SolutionProperties) = preSolution
		HideSolutionNode = FALSE
	EndGlobalSection
	GlobalSection(ExtensibilityGlobals) = postSolution
		SolutionGuid = {2386EA3A-7EED-405C-BC17-B12F5D758A51}
	EndGlobalSection
EndGlobal
