
Microsoft Visual Studio Solution File, Format Version 12.00
# Visual Studio Version 17
VisualStudioVersion = 17.3.32929.385
MinimumVisualStudioVersion = 10.0.40219.1
Project("{FAE04EC0-301F-11D3-BF4B-00C04F79EFBC}") = "Interpreter", "Interpreter\Interpreter.csproj", "{BCACA7DF-346E-4A04-AF3A-DF5A4296AEA0}"
EndProject
Global
	GlobalSection(SolutionConfigurationPlatforms) = preSolution
		Debug|Any CPU = Debug|Any CPU
		Release|Any CPU = Release|Any CPU
	EndGlobalSection
	GlobalSection(ProjectConfigurationPlatforms) = postSolution
		{BCACA7DF-346E-4A04-AF3A-DF5A4296AEA0}.Debug|Any CPU.ActiveCfg = Debug|Any CPU
		{BCACA7DF-346E-4A04-AF3A-DF5A4296AEA0}.Debug|Any CPU.Build.0 = Debug|Any CPU
		{BCACA7DF-346E-4A04-AF3A-DF5A4296AEA0}.Release|Any CPU.ActiveCfg = Release|Any CPU
		{BCACA7DF-346E-4A04-AF3A-DF5A4296AEA0}.Release|Any CPU.Build.0 = Release|Any CPU
	EndGlobalSection
	GlobalSection(SolutionProperties) = preSolution
		HideSolutionNode = FALSE
	EndGlobalSection
	GlobalSection(ExtensibilityGlobals) = postSolution
		SolutionGuid = {2E0FAC90-D6FB-4FFD-9967-FE74C413F15B}
	EndGlobalSection
EndGlobal
